{
  "requires": true,
  "lockfileVersion": 1,
  "dependencies": {
    "array.observe": {
      "version": "0.0.1",
      "resolved": "https://registry.npmjs.org/array.observe/-/array.observe-0.0.1.tgz",
      "integrity": "sha1-OaLgVARtocB7t03tWZui9EfnP9c="
    },
    "object.observe": {
      "version": "0.2.6",
      "resolved": "https://registry.npmjs.org/object.observe/-/object.observe-0.2.6.tgz",
      "integrity": "sha1-dgPF3JHwXn/njOLcxF/JXbt2Tws="
    }
  }
}
